
Microsoft Visual Studio Solution File, Format Version 12.00
# Visual Studio Version 17
VisualStudioVersion = 17.6.33815.320
MinimumVisualStudioVersion = 10.0.40219.1
Project("{FAE04EC0-301F-11D3-BF4B-00C04F79EFBC}") = "MatchGame", "MatchGame.csproj", "{4A014FF0-919B-4229-AC5F-B84F8236F614}"
EndProject
Global
	GlobalSection(SolutionConfigurationPlatforms) = preSolution
		Debug|Any CPU = Debug|Any CPU
		Release|Any CPU = Release|Any CPU
	EndGlobalSection
	GlobalSection(ProjectConfigurationPlatforms) = postSolution
		{4A014FF0-919B-4229-AC5F-B84F8236F614}.Debug|Any CPU.ActiveCfg = Debug|Any CPU
		{4A014FF0-919B-4229-AC5F-B84F8236F614}.Debug|Any CPU.Build.0 = Debug|Any CPU
		{4A014FF0-919B-4229-AC5F-B84F8236F614}.Release|Any CPU.ActiveCfg = Release|Any CPU
		{4A014FF0-919B-4229-AC5F-B84F8236F614}.Release|Any CPU.Build.0 = Release|Any CPU
	EndGlobalSection
	GlobalSection(SolutionProperties) = preSolution
		HideSolutionNode = FALSE
	EndGlobalSection
	GlobalSection(ExtensibilityGlobals) = postSolution
		SolutionGuid = {7584C608-1DB9-4206-A069-4447953461BA}
	EndGlobalSection
EndGlobal
